
Microsoft Visual Studio Solution File, Format Version 12.00
# Visual Studio 14
VisualStudioVersion = 14.0.25420.1
MinimumVisualStudioVersion = 10.0.40219.1
Project("{FAE04EC0-301F-11D3-BF4B-00C04F79EFBC}") = "GameRating", "GameRating\GameRating.csproj", "{6C3397BC-3E05-46F7-8B3B-B3330CB410D9}"
EndProject
Project("{FAE04EC0-301F-11D3-BF4B-00C04F79EFBC}") = "GameRating.DataAccess", "GameRating.DataAccess\GameRating.DataAccess.csproj", "{6AC0F09F-7055-4D2C-86DF-33BC612EC69F}"
EndProject
Project("{FAE04EC0-301F-11D3-BF4B-00C04F79EFBC}") = "GameRating.Model", "GameRating.Model\GameRating.Model.csproj", "{A4D73F09-4CDA-42F2-9A8E-1ADA68FCEE77}"
EndProject
Project("{FAE04EC0-301F-11D3-BF4B-00C04F79EFBC}") = "GameRating.Base", "GameRating.Base\GameRating.Base.csproj", "{DAC6971A-A7FC-4625-A24B-7B9DF992AB86}"
EndProject
Global
	GlobalSection(SolutionConfigurationPlatforms) = preSolution
		Debug|Any CPU = Debug|Any CPU
		Release|Any CPU = Release|Any CPU
	EndGlobalSection
	GlobalSection(ProjectConfigurationPlatforms) = postSolution
		{6C3397BC-3E05-46F7-8B3B-B3330CB410D9}.Debug|Any CPU.ActiveCfg = Debug|Any CPU
		{6C3397BC-3E05-46F7-8B3B-B3330CB410D9}.Debug|Any CPU.Build.0 = Debug|Any CPU
		{6C3397BC-3E05-46F7-8B3B-B3330CB410D9}.Release|Any CPU.ActiveCfg = Release|Any CPU
		{6C3397BC-3E05-46F7-8B3B-B3330CB410D9}.Release|Any CPU.Build.0 = Release|Any CPU
		{6AC0F09F-7055-4D2C-86DF-33BC612EC69F}.Debug|Any CPU.ActiveCfg = Debug|Any CPU
		{6AC0F09F-7055-4D2C-86DF-33BC612EC69F}.Debug|Any CPU.Build.0 = Debug|Any CPU
		{6AC0F09F-7055-4D2C-86DF-33BC612EC69F}.Release|Any CPU.ActiveCfg = Release|Any CPU
		{6AC0F09F-7055-4D2C-86DF-33BC612EC69F}.Release|Any CPU.Build.0 = Release|Any CPU
		{A4D73F09-4CDA-42F2-9A8E-1ADA68FCEE77}.Debug|Any CPU.ActiveCfg = Debug|Any CPU
		{A4D73F09-4CDA-42F2-9A8E-1ADA68FCEE77}.Debug|Any CPU.Build.0 = Debug|Any CPU
		{A4D73F09-4CDA-42F2-9A8E-1ADA68FCEE77}.Release|Any CPU.ActiveCfg = Release|Any CPU
		{A4D73F09-4CDA-42F2-9A8E-1ADA68FCEE77}.Release|Any CPU.Build.0 = Release|Any CPU
		{DAC6971A-A7FC-4625-A24B-7B9DF992AB86}.Debug|Any CPU.ActiveCfg = Debug|Any CPU
		{DAC6971A-A7FC-4625-A24B-7B9DF992AB86}.Debug|Any CPU.Build.0 = Debug|Any CPU
		{DAC6971A-A7FC-4625-A24B-7B9DF992AB86}.Release|Any CPU.ActiveCfg = Release|Any CPU
		{DAC6971A-A7FC-4625-A24B-7B9DF992AB86}.Release|Any CPU.Build.0 = Release|Any CPU
	EndGlobalSection
	GlobalSection(SolutionProperties) = preSolution
		HideSolutionNode = FALSE
	EndGlobalSection
EndGlobal
