
Microsoft Visual Studio Solution File, Format Version 12.00
# Visual Studio 14
VisualStudioVersion = 14.0.25420.1
MinimumVisualStudioVersion = 10.0.40219.1
Project("{FAE04EC0-301F-11D3-BF4B-00C04F79EFBC}") = "TestReceipt", "TestReceipt\TestReceipt.csproj", "{6E3CCB24-4ED6-4AFA-A11C-231A6F594F89}"
EndProject
Project("{FAE04EC0-301F-11D3-BF4B-00C04F79EFBC}") = "UnitTestReceipt", "UnitTestReceipt\UnitTestReceipt.csproj", "{55413652-C929-42CB-8DC6-64A057D83C81}"
EndProject
Global
	GlobalSection(SolutionConfigurationPlatforms) = preSolution
		Debug|Any CPU = Debug|Any CPU
		Release|Any CPU = Release|Any CPU
	EndGlobalSection
	GlobalSection(ProjectConfigurationPlatforms) = postSolution
		{6E3CCB24-4ED6-4AFA-A11C-231A6F594F89}.Debug|Any CPU.ActiveCfg = Debug|Any CPU
		{6E3CCB24-4ED6-4AFA-A11C-231A6F594F89}.Debug|Any CPU.Build.0 = Debug|Any CPU
		{6E3CCB24-4ED6-4AFA-A11C-231A6F594F89}.Release|Any CPU.ActiveCfg = Release|Any CPU
		{6E3CCB24-4ED6-4AFA-A11C-231A6F594F89}.Release|Any CPU.Build.0 = Release|Any CPU
		{55413652-C929-42CB-8DC6-64A057D83C81}.Debug|Any CPU.ActiveCfg = Debug|Any CPU
		{55413652-C929-42CB-8DC6-64A057D83C81}.Debug|Any CPU.Build.0 = Debug|Any CPU
		{55413652-C929-42CB-8DC6-64A057D83C81}.Release|Any CPU.ActiveCfg = Release|Any CPU
		{55413652-C929-42CB-8DC6-64A057D83C81}.Release|Any CPU.Build.0 = Release|Any CPU
	EndGlobalSection
	GlobalSection(SolutionProperties) = preSolution
		HideSolutionNode = FALSE
	EndGlobalSection
EndGlobal
